
Microsoft Visual Studio Solution File, Format Version 12.00
# Visual Studio Version 17
VisualStudioVersion = 17.14.36414.22 d17.14
MinimumVisualStudioVersion = 10.0.40219.1
Project("{FAE04EC0-301F-11D3-BF4B-00C04F79EFBC}") = "ScientificCalculator", "ScientificCalculator.csproj", "{2B7C8186-99CD-CC3E-2068-6C09262A8522}"
EndProject
Global
	GlobalSection(SolutionConfigurationPlatforms) = preSolution
		Debug|Any CPU = Debug|Any CPU
		Release|Any CPU = Release|Any CPU
	EndGlobalSection
	GlobalSection(ProjectConfigurationPlatforms) = postSolution
		{2B7C8186-99CD-CC3E-2068-6C09262A8522}.Debug|Any CPU.ActiveCfg = Debug|Any CPU
		{2B7C8186-99CD-CC3E-2068-6C09262A8522}.Debug|Any CPU.Build.0 = Debug|Any CPU
		{2B7C8186-99CD-CC3E-2068-6C09262A8522}.Release|Any CPU.ActiveCfg = Release|Any CPU
		{2B7C8186-99CD-CC3E-2068-6C09262A8522}.Release|Any CPU.Build.0 = Release|Any CPU
	EndGlobalSection
	GlobalSection(SolutionProperties) = preSolution
		HideSolutionNode = FALSE
	EndGlobalSection
	GlobalSection(ExtensibilityGlobals) = postSolution
		SolutionGuid = {4B88950B-4987-4802-BE6D-62E7D06EBA89}
	EndGlobalSection
EndGlobal
